
Microsoft Visual Studio Solution File, Format Version 12.00
# Visual Studio Version 16
VisualStudioVersion = 16.0.31424.327
MinimumVisualStudioVersion = 10.0.40219.1
Project("{FAE04EC0-301F-11D3-BF4B-00C04F79EFBC}") = "StackOverflowLab", "StackOverflowLab\StackOverflowLab.csproj", "{933B6A48-2BF0-43DE-868D-055C6BFB8228}"
EndProject
Global
	GlobalSection(SolutionConfigurationPlatforms) = preSolution
		Debug|Any CPU = Debug|Any CPU
		Release|Any CPU = Release|Any CPU
	EndGlobalSection
	GlobalSection(ProjectConfigurationPlatforms) = postSolution
		{933B6A48-2BF0-43DE-868D-055C6BFB8228}.Debug|Any CPU.ActiveCfg = Debug|Any CPU
		{933B6A48-2BF0-43DE-868D-055C6BFB8228}.Debug|Any CPU.Build.0 = Debug|Any CPU
		{933B6A48-2BF0-43DE-868D-055C6BFB8228}.Release|Any CPU.ActiveCfg = Release|Any CPU
		{933B6A48-2BF0-43DE-868D-055C6BFB8228}.Release|Any CPU.Build.0 = Release|Any CPU
	EndGlobalSection
	GlobalSection(SolutionProperties) = preSolution
		HideSolutionNode = FALSE
	EndGlobalSection
	GlobalSection(ExtensibilityGlobals) = postSolution
		SolutionGuid = {5CF37518-8ADC-4EF9-B0AD-6887B63000E4}
	EndGlobalSection
EndGlobal
